# THIS IS AN AUTOGENERATED FILE. DO NOT EDIT THIS FILE DIRECTLY.
# yarn lockfile v1


blessed@^0.1.81:
  version "0.1.81"
  resolved "https://registry.yarnpkg.com/blessed/-/blessed-0.1.81.tgz#f962d687ec2c369570ae71af843256e6d0ca1129"
  integrity sha1-+WLWh+wsNpVwrnGvhDJW5tDKESk=

ip@^1.1.5:
  version "1.1.9"
  resolved "https://registry.yarnpkg.com/ip/-/ip-1.1.9.tgz#8dfbcc99a754d07f425310b86a99546b1151e396"
  integrity sha512-cyRxvOEpNHNtchU3Ln9KC/auJgup87llfQpQ+t5ghoC/UhL16SWzbueiCsdTnWmqAWl7LadfuwhlqmtOaqMHdQ==
